
Microsoft Visual Studio Solution File, Format Version 12.00
# Visual Studio Version 17
VisualStudioVersion = 17.0.31903.59
MinimumVisualStudioVersion = 10.0.40219.1
Project("{2150E333-8FDC-42A3-9474-1A3956D46DE8}") = "src", "src", "{827E0CD3-B72D-47B6-A68D-7590B98EB39B}"
EndProject
Project("{FAE04EC0-301F-11D3-BF4B-00C04F79EFBC}") = "Brontide.Reference.Core", "src\Brontide.Reference.Core\Brontide.Reference.Core.csproj", "{72287C0E-CA8D-47BA-BED8-3514A9C0635C}"
EndProject
Project("{FAE04EC0-301F-11D3-BF4B-00C04F79EFBC}") = "Brontide.Reference.Vocabularies.Cooling", "src\Brontide.Reference.Vocabularies.Cooling\Brontide.Reference.Vocabularies.Cooling.csproj", "{EAE40C9D-BB20-4F25-9802-721135483862}"
EndProject
Project("{2150E333-8FDC-42A3-9474-1A3956D46DE8}") = "tests", "tests", "{0AB3BF05-4346-4AA6-1389-037BE0695223}"
EndProject
Project("{FAE04EC0-301F-11D3-BF4B-00C04F79EFBC}") = "Brontide.Reference.Conformance", "tests\Brontide.Reference.Conformance\Brontide.Reference.Conformance.csproj", "{3809EBB2-BA28-464F-AC4A-7DA356250708}"
EndProject
Project("{FAE04EC0-301F-11D3-BF4B-00C04F79EFBC}") = "Brontide.Reference.Core.Tests", "tests\Brontide.Reference.Core.Tests\Brontide.Reference.Core.Tests.csproj", "{65E7D895-3836-42D1-90A2-07F94E9DF6F8}"
EndProject
Project("{FAE04EC0-301F-11D3-BF4B-00C04F79EFBC}") = "Brontide.Reference.Experimental.Enrichment", "src\Brontide.Reference.Experimental.Enrichment\Brontide.Reference.Experimental.Enrichment.csproj", "{C185682C-DFFB-4C8C-8123-696780569F6A}"
EndProject
Project("{FAE04EC0-301F-11D3-BF4B-00C04F79EFBC}") = "Brontide.Reference.Experimental.Composition", "src\Brontide.Reference.Experimental.Composition\Brontide.Reference.Experimental.Composition.csproj", "{B4D88D15-A7AB-4C92-9D4B-0B8A8DD0D4A1}"
EndProject
Project("{FAE04EC0-301F-11D3-BF4B-00C04F79EFBC}") = "Brontide.Reference.Enrichment.Tests", "tests\Brontide.Reference.Enrichment.Tests\Brontide.Reference.Enrichment.Tests.csproj", "{EDAA7FC0-629A-4480-9AA6-3BB8BCC3DD05}"
EndProject
Project("{FAE04EC0-301F-11D3-BF4B-00C04F79EFBC}") = "Brontide.Reference.Vocabularies.Input", "src\Brontide.Reference.Vocabularies.Input\Brontide.Reference.Vocabularies.Input.csproj", "{54E80A2C-1A03-4DBE-97C1-16602CF55AB5}"
EndProject
Project("{FAE04EC0-301F-11D3-BF4B-00C04F79EFBC}") = "Brontide.Reference.Extensions.Events", "src\Brontide.Reference.Extensions.Events\Brontide.Reference.Extensions.Events.csproj", "{38F3C947-609D-4135-8FA4-63622B47FB22}"
EndProject
Project("{FAE04EC0-301F-11D3-BF4B-00C04F79EFBC}") = "Brontide.Reference.Extensions.Flow", "src\Brontide.Reference.Extensions.Flow\Brontide.Reference.Extensions.Flow.csproj", "{706B6915-5AD0-4D5C-B8A3-0F665D208268}"
EndProject
Project("{FAE04EC0-301F-11D3-BF4B-00C04F79EFBC}") = "Brontide.Reference.Studio", "src\Brontide.Reference.Studio\Brontide.Reference.Studio.csproj", "{A1D47AEF-7A66-4CF5-974A-463C9D691840}"
EndProject
Project("{FAE04EC0-301F-11D3-BF4B-00C04F79EFBC}") = "Brontide.Reference.Extensions.Tests", "tests\Brontide.Reference.Extensions.Tests\Brontide.Reference.Extensions.Tests.csproj", "{DF261E90-AB83-483C-B5EB-9708784EE87B}"
EndProject
Project("{FAE04EC0-301F-11D3-BF4B-00C04F79EFBC}") = "Brontide.Reference.Studio.Tests", "tests\Brontide.Reference.Studio.Tests\Brontide.Reference.Studio.Tests.csproj", "{2142DA9E-76E4-4D8A-A4A8-040802E38127}"
EndProject
Project("{FAE04EC0-301F-11D3-BF4B-00C04F79EFBC}") = "Brontide.Reference.Experimental.Binding", "src\Brontide.Reference.Experimental.Binding\Brontide.Reference.Experimental.Binding.csproj", "{A7D4F21E-32F1-49E8-B283-8A38A6F23B01}"
EndProject
Project("{FAE04EC0-301F-11D3-BF4B-00C04F79EFBC}") = "Brontide.Reference.Interchange.Provider", "src\Brontide.Reference.Interchange.Provider\Brontide.Reference.Interchange.Provider.csproj", "{B8E5A32F-43A2-4AF9-C394-9B49B7F34C12}"
EndProject
Project("{FAE04EC0-301F-11D3-BF4B-00C04F79EFBC}") = "Brontide.Reference.Interchange.Tests", "tests\Brontide.Reference.Interchange.Tests\Brontide.Reference.Interchange.Tests.csproj", "{C9F6B430-54B3-4B0A-D4A5-AC5AC8045D23}"
EndProject
Project("{2150E333-8FDC-42A3-9474-1A3956D46DE8}") = "benchmarks", "benchmarks", "{91D436C6-621F-4E8F-9ADB-9B3B020DC352}"
EndProject
Project("{FAE04EC0-301F-11D3-BF4B-00C04F79EFBC}") = "Brontide.Reference.Benchmarks", "benchmarks\Brontide.Reference.Benchmarks\Brontide.Reference.Benchmarks.csproj", "{D10D5AB4-7901-4D3C-8EC9-2447D63E1F10}"
EndProject
Project("{FAE04EC0-301F-11D3-BF4B-00C04F79EFBC}") = "Brontide.Reference.Experimental.ComponentManagement", "src\Brontide.Reference.Experimental.ComponentManagement\Brontide.Reference.Experimental.ComponentManagement.csproj", "{CFAD9873-C7A0-4915-ACB8-79C92B861BF9}"
EndProject
Project("{FAE04EC0-301F-11D3-BF4B-00C04F79EFBC}") = "Brontide.Reference.ComponentManagement.Tests", "tests\Brontide.Reference.ComponentManagement.Tests\Brontide.Reference.ComponentManagement.Tests.csproj", "{6C3DD567-020A-4C9A-A575-B52A9E58E011}"
EndProject
Global
	GlobalSection(SolutionConfigurationPlatforms) = preSolution
		Debug|Any CPU = Debug|Any CPU
		Debug|x64 = Debug|x64
		Debug|x86 = Debug|x86
		Release|Any CPU = Release|Any CPU
		Release|x64 = Release|x64
		Release|x86 = Release|x86
	EndGlobalSection
	GlobalSection(ProjectConfigurationPlatforms) = postSolution
		{72287C0E-CA8D-47BA-BED8-3514A9C0635C}.Debug|Any CPU.ActiveCfg = Debug|Any CPU
		{72287C0E-CA8D-47BA-BED8-3514A9C0635C}.Debug|Any CPU.Build.0 = Debug|Any CPU
		{72287C0E-CA8D-47BA-BED8-3514A9C0635C}.Debug|x64.ActiveCfg = Debug|Any CPU
		{72287C0E-CA8D-47BA-BED8-3514A9C0635C}.Debug|x64.Build.0 = Debug|Any CPU
		{72287C0E-CA8D-47BA-BED8-3514A9C0635C}.Debug|x86.ActiveCfg = Debug|Any CPU
		{72287C0E-CA8D-47BA-BED8-3514A9C0635C}.Debug|x86.Build.0 = Debug|Any CPU
		{72287C0E-CA8D-47BA-BED8-3514A9C0635C}.Release|Any CPU.ActiveCfg = Release|Any CPU
		{72287C0E-CA8D-47BA-BED8-3514A9C0635C}.Release|Any CPU.Build.0 = Release|Any CPU
		{72287C0E-CA8D-47BA-BED8-3514A9C0635C}.Release|x64.ActiveCfg = Release|Any CPU
		{72287C0E-CA8D-47BA-BED8-3514A9C0635C}.Release|x64.Build.0 = Release|Any CPU
		{72287C0E-CA8D-47BA-BED8-3514A9C0635C}.Release|x86.ActiveCfg = Release|Any CPU
		{72287C0E-CA8D-47BA-BED8-3514A9C0635C}.Release|x86.Build.0 = Release|Any CPU
		{EAE40C9D-BB20-4F25-9802-721135483862}.Debug|Any CPU.ActiveCfg = Debug|Any CPU
		{EAE40C9D-BB20-4F25-9802-721135483862}.Debug|Any CPU.Build.0 = Debug|Any CPU
		{EAE40C9D-BB20-4F25-9802-721135483862}.Debug|x64.ActiveCfg = Debug|Any CPU
		{EAE40C9D-BB20-4F25-9802-721135483862}.Debug|x64.Build.0 = Debug|Any CPU
		{EAE40C9D-BB20-4F25-9802-721135483862}.Debug|x86.ActiveCfg = Debug|Any CPU
		{EAE40C9D-BB20-4F25-9802-721135483862}.Debug|x86.Build.0 = Debug|Any CPU
		{EAE40C9D-BB20-4F25-9802-721135483862}.Release|Any CPU.ActiveCfg = Release|Any CPU
		{EAE40C9D-BB20-4F25-9802-721135483862}.Release|Any CPU.Build.0 = Release|Any CPU
		{EAE40C9D-BB20-4F25-9802-721135483862}.Release|x64.ActiveCfg = Release|Any CPU
		{EAE40C9D-BB20-4F25-9802-721135483862}.Release|x64.Build.0 = Release|Any CPU
		{EAE40C9D-BB20-4F25-9802-721135483862}.Release|x86.ActiveCfg = Release|Any CPU
		{EAE40C9D-BB20-4F25-9802-721135483862}.Release|x86.Build.0 = Release|Any CPU
		{3809EBB2-BA28-464F-AC4A-7DA356250708}.Debug|Any CPU.ActiveCfg = Debug|Any CPU
		{3809EBB2-BA28-464F-AC4A-7DA356250708}.Debug|Any CPU.Build.0 = Debug|Any CPU
		{3809EBB2-BA28-464F-AC4A-7DA356250708}.Debug|x64.ActiveCfg = Debug|Any CPU
		{3809EBB2-BA28-464F-AC4A-7DA356250708}.Debug|x64.Build.0 = Debug|Any CPU
		{3809EBB2-BA28-464F-AC4A-7DA356250708}.Debug|x86.ActiveCfg = Debug|Any CPU
		{3809EBB2-BA28-464F-AC4A-7DA356250708}.Debug|x86.Build.0 = Debug|Any CPU
		{3809EBB2-BA28-464F-AC4A-7DA356250708}.Release|Any CPU.ActiveCfg = Release|Any CPU
		{3809EBB2-BA28-464F-AC4A-7DA356250708}.Release|Any CPU.Build.0 = Release|Any CPU
		{3809EBB2-BA28-464F-AC4A-7DA356250708}.Release|x64.ActiveCfg = Release|Any CPU
		{3809EBB2-BA28-464F-AC4A-7DA356250708}.Release|x64.Build.0 = Release|Any CPU
		{3809EBB2-BA28-464F-AC4A-7DA356250708}.Release|x86.ActiveCfg = Release|Any CPU
		{3809EBB2-BA28-464F-AC4A-7DA356250708}.Release|x86.Build.0 = Release|Any CPU
		{65E7D895-3836-42D1-90A2-07F94E9DF6F8}.Debug|Any CPU.ActiveCfg = Debug|Any CPU
		{65E7D895-3836-42D1-90A2-07F94E9DF6F8}.Debug|Any CPU.Build.0 = Debug|Any CPU
		{65E7D895-3836-42D1-90A2-07F94E9DF6F8}.Debug|x64.ActiveCfg = Debug|Any CPU
		{65E7D895-3836-42D1-90A2-07F94E9DF6F8}.Debug|x64.Build.0 = Debug|Any CPU
		{65E7D895-3836-42D1-90A2-07F94E9DF6F8}.Debug|x86.ActiveCfg = Debug|Any CPU
		{65E7D895-3836-42D1-90A2-07F94E9DF6F8}.Debug|x86.Build.0 = Debug|Any CPU
		{65E7D895-3836-42D1-90A2-07F94E9DF6F8}.Release|Any CPU.ActiveCfg = Release|Any CPU
		{65E7D895-3836-42D1-90A2-07F94E9DF6F8}.Release|Any CPU.Build.0 = Release|Any CPU
		{65E7D895-3836-42D1-90A2-07F94E9DF6F8}.Release|x64.ActiveCfg = Release|Any CPU
		{65E7D895-3836-42D1-90A2-07F94E9DF6F8}.Release|x64.Build.0 = Release|Any CPU
		{65E7D895-3836-42D1-90A2-07F94E9DF6F8}.Release|x86.ActiveCfg = Release|Any CPU
		{65E7D895-3836-42D1-90A2-07F94E9DF6F8}.Release|x86.Build.0 = Release|Any CPU
		{C185682C-DFFB-4C8C-8123-696780569F6A}.Debug|Any CPU.ActiveCfg = Debug|Any CPU
		{C185682C-DFFB-4C8C-8123-696780569F6A}.Debug|Any CPU.Build.0 = Debug|Any CPU
		{C185682C-DFFB-4C8C-8123-696780569F6A}.Debug|x64.ActiveCfg = Debug|Any CPU
		{C185682C-DFFB-4C8C-8123-696780569F6A}.Debug|x64.Build.0 = Debug|Any CPU
		{C185682C-DFFB-4C8C-8123-696780569F6A}.Debug|x86.ActiveCfg = Debug|Any CPU
		{C185682C-DFFB-4C8C-8123-696780569F6A}.Debug|x86.Build.0 = Debug|Any CPU
		{C185682C-DFFB-4C8C-8123-696780569F6A}.Release|Any CPU.ActiveCfg = Release|Any CPU
		{C185682C-DFFB-4C8C-8123-696780569F6A}.Release|Any CPU.Build.0 = Release|Any CPU
		{C185682C-DFFB-4C8C-8123-696780569F6A}.Release|x64.ActiveCfg = Release|Any CPU
		{C185682C-DFFB-4C8C-8123-696780569F6A}.Release|x64.Build.0 = Release|Any CPU
		{C185682C-DFFB-4C8C-8123-696780569F6A}.Release|x86.ActiveCfg = Release|Any CPU
		{C185682C-DFFB-4C8C-8123-696780569F6A}.Release|x86.Build.0 = Release|Any CPU
		{B4D88D15-A7AB-4C92-9D4B-0B8A8DD0D4A1}.Debug|Any CPU.ActiveCfg = Debug|Any CPU
		{B4D88D15-A7AB-4C92-9D4B-0B8A8DD0D4A1}.Debug|Any CPU.Build.0 = Debug|Any CPU
		{B4D88D15-A7AB-4C92-9D4B-0B8A8DD0D4A1}.Debug|x64.ActiveCfg = Debug|Any CPU
		{B4D88D15-A7AB-4C92-9D4B-0B8A8DD0D4A1}.Debug|x64.Build.0 = Debug|Any CPU
		{B4D88D15-A7AB-4C92-9D4B-0B8A8DD0D4A1}.Debug|x86.ActiveCfg = Debug|Any CPU
		{B4D88D15-A7AB-4C92-9D4B-0B8A8DD0D4A1}.Debug|x86.Build.0 = Debug|Any CPU
		{B4D88D15-A7AB-4C92-9D4B-0B8A8DD0D4A1}.Release|Any CPU.ActiveCfg = Release|Any CPU
		{B4D88D15-A7AB-4C92-9D4B-0B8A8DD0D4A1}.Release|Any CPU.Build.0 = Release|Any CPU
		{B4D88D15-A7AB-4C92-9D4B-0B8A8DD0D4A1}.Release|x64.ActiveCfg = Release|Any CPU
		{B4D88D15-A7AB-4C92-9D4B-0B8A8DD0D4A1}.Release|x64.Build.0 = Release|Any CPU
		{B4D88D15-A7AB-4C92-9D4B-0B8A8DD0D4A1}.Release|x86.ActiveCfg = Release|Any CPU
		{B4D88D15-A7AB-4C92-9D4B-0B8A8DD0D4A1}.Release|x86.Build.0 = Release|Any CPU
		{EDAA7FC0-629A-4480-9AA6-3BB8BCC3DD05}.Debug|Any CPU.ActiveCfg = Debug|Any CPU
		{EDAA7FC0-629A-4480-9AA6-3BB8BCC3DD05}.Debug|Any CPU.Build.0 = Debug|Any CPU
		{EDAA7FC0-629A-4480-9AA6-3BB8BCC3DD05}.Debug|x64.ActiveCfg = Debug|Any CPU
		{EDAA7FC0-629A-4480-9AA6-3BB8BCC3DD05}.Debug|x64.Build.0 = Debug|Any CPU
		{EDAA7FC0-629A-4480-9AA6-3BB8BCC3DD05}.Debug|x86.ActiveCfg = Debug|Any CPU
		{EDAA7FC0-629A-4480-9AA6-3BB8BCC3DD05}.Debug|x86.Build.0 = Debug|Any CPU
		{EDAA7FC0-629A-4480-9AA6-3BB8BCC3DD05}.Release|Any CPU.ActiveCfg = Release|Any CPU
		{EDAA7FC0-629A-4480-9AA6-3BB8BCC3DD05}.Release|Any CPU.Build.0 = Release|Any CPU
		{EDAA7FC0-629A-4480-9AA6-3BB8BCC3DD05}.Release|x64.ActiveCfg = Release|Any CPU
		{EDAA7FC0-629A-4480-9AA6-3BB8BCC3DD05}.Release|x64.Build.0 = Release|Any CPU
		{EDAA7FC0-629A-4480-9AA6-3BB8BCC3DD05}.Release|x86.ActiveCfg = Release|Any CPU
		{EDAA7FC0-629A-4480-9AA6-3BB8BCC3DD05}.Release|x86.Build.0 = Release|Any CPU
		{54E80A2C-1A03-4DBE-97C1-16602CF55AB5}.Debug|Any CPU.ActiveCfg = Debug|Any CPU
		{54E80A2C-1A03-4DBE-97C1-16602CF55AB5}.Debug|Any CPU.Build.0 = Debug|Any CPU
		{54E80A2C-1A03-4DBE-97C1-16602CF55AB5}.Debug|x64.ActiveCfg = Debug|Any CPU
		{54E80A2C-1A03-4DBE-97C1-16602CF55AB5}.Debug|x64.Build.0 = Debug|Any CPU
		{54E80A2C-1A03-4DBE-97C1-16602CF55AB5}.Debug|x86.ActiveCfg = Debug|Any CPU
		{54E80A2C-1A03-4DBE-97C1-16602CF55AB5}.Debug|x86.Build.0 = Debug|Any CPU
		{54E80A2C-1A03-4DBE-97C1-16602CF55AB5}.Release|Any CPU.ActiveCfg = Release|Any CPU
		{54E80A2C-1A03-4DBE-97C1-16602CF55AB5}.Release|Any CPU.Build.0 = Release|Any CPU
		{54E80A2C-1A03-4DBE-97C1-16602CF55AB5}.Release|x64.ActiveCfg = Release|Any CPU
		{54E80A2C-1A03-4DBE-97C1-16602CF55AB5}.Release|x64.Build.0 = Release|Any CPU
		{54E80A2C-1A03-4DBE-97C1-16602CF55AB5}.Release|x86.ActiveCfg = Release|Any CPU
		{54E80A2C-1A03-4DBE-97C1-16602CF55AB5}.Release|x86.Build.0 = Release|Any CPU
		{38F3C947-609D-4135-8FA4-63622B47FB22}.Debug|Any CPU.ActiveCfg = Debug|Any CPU
		{38F3C947-609D-4135-8FA4-63622B47FB22}.Debug|Any CPU.Build.0 = Debug|Any CPU
		{38F3C947-609D-4135-8FA4-63622B47FB22}.Debug|x64.ActiveCfg = Debug|Any CPU
		{38F3C947-609D-4135-8FA4-63622B47FB22}.Debug|x64.Build.0 = Debug|Any CPU
		{38F3C947-609D-4135-8FA4-63622B47FB22}.Debug|x86.ActiveCfg = Debug|Any CPU
		{38F3C947-609D-4135-8FA4-63622B47FB22}.Debug|x86.Build.0 = Debug|Any CPU
		{38F3C947-609D-4135-8FA4-63622B47FB22}.Release|Any CPU.ActiveCfg = Release|Any CPU
		{38F3C947-609D-4135-8FA4-63622B47FB22}.Release|Any CPU.Build.0 = Release|Any CPU
		{38F3C947-609D-4135-8FA4-63622B47FB22}.Release|x64.ActiveCfg = Release|Any CPU
		{38F3C947-609D-4135-8FA4-63622B47FB22}.Release|x64.Build.0 = Release|Any CPU
		{38F3C947-609D-4135-8FA4-63622B47FB22}.Release|x86.ActiveCfg = Release|Any CPU
		{38F3C947-609D-4135-8FA4-63622B47FB22}.Release|x86.Build.0 = Release|Any CPU
		{706B6915-5AD0-4D5C-B8A3-0F665D208268}.Debug|Any CPU.ActiveCfg = Debug|Any CPU
		{706B6915-5AD0-4D5C-B8A3-0F665D208268}.Debug|Any CPU.Build.0 = Debug|Any CPU
		{706B6915-5AD0-4D5C-B8A3-0F665D208268}.Debug|x64.ActiveCfg = Debug|Any CPU
		{706B6915-5AD0-4D5C-B8A3-0F665D208268}.Debug|x64.Build.0 = Debug|Any CPU
		{706B6915-5AD0-4D5C-B8A3-0F665D208268}.Debug|x86.ActiveCfg = Debug|Any CPU
		{706B6915-5AD0-4D5C-B8A3-0F665D208268}.Debug|x86.Build.0 = Debug|Any CPU
		{706B6915-5AD0-4D5C-B8A3-0F665D208268}.Release|Any CPU.ActiveCfg = Release|Any CPU
		{706B6915-5AD0-4D5C-B8A3-0F665D208268}.Release|Any CPU.Build.0 = Release|Any CPU
		{706B6915-5AD0-4D5C-B8A3-0F665D208268}.Release|x64.ActiveCfg = Release|Any CPU
		{706B6915-5AD0-4D5C-B8A3-0F665D208268}.Release|x64.Build.0 = Release|Any CPU
		{706B6915-5AD0-4D5C-B8A3-0F665D208268}.Release|x86.ActiveCfg = Release|Any CPU
		{706B6915-5AD0-4D5C-B8A3-0F665D208268}.Release|x86.Build.0 = Release|Any CPU
		{A1D47AEF-7A66-4CF5-974A-463C9D691840}.Debug|Any CPU.ActiveCfg = Debug|Any CPU
		{A1D47AEF-7A66-4CF5-974A-463C9D691840}.Debug|Any CPU.Build.0 = Debug|Any CPU
		{A1D47AEF-7A66-4CF5-974A-463C9D691840}.Debug|x64.ActiveCfg = Debug|Any CPU
		{A1D47AEF-7A66-4CF5-974A-463C9D691840}.Debug|x64.Build.0 = Debug|Any CPU
		{A1D47AEF-7A66-4CF5-974A-463C9D691840}.Debug|x86.ActiveCfg = Debug|Any CPU
		{A1D47AEF-7A66-4CF5-974A-463C9D691840}.Debug|x86.Build.0 = Debug|Any CPU
		{A1D47AEF-7A66-4CF5-974A-463C9D691840}.Release|Any CPU.ActiveCfg = Release|Any CPU
		{A1D47AEF-7A66-4CF5-974A-463C9D691840}.Release|Any CPU.Build.0 = Release|Any CPU
		{A1D47AEF-7A66-4CF5-974A-463C9D691840}.Release|x64.ActiveCfg = Release|Any CPU
		{A1D47AEF-7A66-4CF5-974A-463C9D691840}.Release|x64.Build.0 = Release|Any CPU
		{A1D47AEF-7A66-4CF5-974A-463C9D691840}.Release|x86.ActiveCfg = Release|Any CPU
		{A1D47AEF-7A66-4CF5-974A-463C9D691840}.Release|x86.Build.0 = Release|Any CPU
		{DF261E90-AB83-483C-B5EB-9708784EE87B}.Debug|Any CPU.ActiveCfg = Debug|Any CPU
		{DF261E90-AB83-483C-B5EB-9708784EE87B}.Debug|Any CPU.Build.0 = Debug|Any CPU
		{DF261E90-AB83-483C-B5EB-9708784EE87B}.Debug|x64.ActiveCfg = Debug|Any CPU
		{DF261E90-AB83-483C-B5EB-9708784EE87B}.Debug|x64.Build.0 = Debug|Any CPU
		{DF261E90-AB83-483C-B5EB-9708784EE87B}.Debug|x86.ActiveCfg = Debug|Any CPU
		{DF261E90-AB83-483C-B5EB-9708784EE87B}.Debug|x86.Build.0 = Debug|Any CPU
		{DF261E90-AB83-483C-B5EB-9708784EE87B}.Release|Any CPU.ActiveCfg = Release|Any CPU
		{DF261E90-AB83-483C-B5EB-9708784EE87B}.Release|Any CPU.Build.0 = Release|Any CPU
		{DF261E90-AB83-483C-B5EB-9708784EE87B}.Release|x64.ActiveCfg = Release|Any CPU
		{DF261E90-AB83-483C-B5EB-9708784EE87B}.Release|x64.Build.0 = Release|Any CPU
		{DF261E90-AB83-483C-B5EB-9708784EE87B}.Release|x86.ActiveCfg = Release|Any CPU
		{DF261E90-AB83-483C-B5EB-9708784EE87B}.Release|x86.Build.0 = Release|Any CPU
		{2142DA9E-76E4-4D8A-A4A8-040802E38127}.Debug|Any CPU.ActiveCfg = Debug|Any CPU
		{2142DA9E-76E4-4D8A-A4A8-040802E38127}.Debug|Any CPU.Build.0 = Debug|Any CPU
		{2142DA9E-76E4-4D8A-A4A8-040802E38127}.Debug|x64.ActiveCfg = Debug|Any CPU
		{2142DA9E-76E4-4D8A-A4A8-040802E38127}.Debug|x64.Build.0 = Debug|Any CPU
		{2142DA9E-76E4-4D8A-A4A8-040802E38127}.Debug|x86.ActiveCfg = Debug|Any CPU
		{2142DA9E-76E4-4D8A-A4A8-040802E38127}.Debug|x86.Build.0 = Debug|Any CPU
		{2142DA9E-76E4-4D8A-A4A8-040802E38127}.Release|Any CPU.ActiveCfg = Release|Any CPU
		{2142DA9E-76E4-4D8A-A4A8-040802E38127}.Release|Any CPU.Build.0 = Release|Any CPU
		{2142DA9E-76E4-4D8A-A4A8-040802E38127}.Release|x64.ActiveCfg = Release|Any CPU
		{2142DA9E-76E4-4D8A-A4A8-040802E38127}.Release|x64.Build.0 = Release|Any CPU
		{2142DA9E-76E4-4D8A-A4A8-040802E38127}.Release|x86.ActiveCfg = Release|Any CPU
		{2142DA9E-76E4-4D8A-A4A8-040802E38127}.Release|x86.Build.0 = Release|Any CPU
		{A7D4F21E-32F1-49E8-B283-8A38A6F23B01}.Debug|Any CPU.ActiveCfg = Debug|Any CPU
		{A7D4F21E-32F1-49E8-B283-8A38A6F23B01}.Debug|Any CPU.Build.0 = Debug|Any CPU
		{A7D4F21E-32F1-49E8-B283-8A38A6F23B01}.Debug|x64.ActiveCfg = Debug|Any CPU
		{A7D4F21E-32F1-49E8-B283-8A38A6F23B01}.Debug|x64.Build.0 = Debug|Any CPU
		{A7D4F21E-32F1-49E8-B283-8A38A6F23B01}.Debug|x86.ActiveCfg = Debug|Any CPU
		{A7D4F21E-32F1-49E8-B283-8A38A6F23B01}.Debug|x86.Build.0 = Debug|Any CPU
		{A7D4F21E-32F1-49E8-B283-8A38A6F23B01}.Release|Any CPU.ActiveCfg = Release|Any CPU
		{A7D4F21E-32F1-49E8-B283-8A38A6F23B01}.Release|Any CPU.Build.0 = Release|Any CPU
		{A7D4F21E-32F1-49E8-B283-8A38A6F23B01}.Release|x64.ActiveCfg = Release|Any CPU
		{A7D4F21E-32F1-49E8-B283-8A38A6F23B01}.Release|x64.Build.0 = Release|Any CPU
		{A7D4F21E-32F1-49E8-B283-8A38A6F23B01}.Release|x86.ActiveCfg = Release|Any CPU
		{A7D4F21E-32F1-49E8-B283-8A38A6F23B01}.Release|x86.Build.0 = Release|Any CPU
		{B8E5A32F-43A2-4AF9-C394-9B49B7F34C12}.Debug|Any CPU.ActiveCfg = Debug|Any CPU
		{B8E5A32F-43A2-4AF9-C394-9B49B7F34C12}.Debug|Any CPU.Build.0 = Debug|Any CPU
		{B8E5A32F-43A2-4AF9-C394-9B49B7F34C12}.Debug|x64.ActiveCfg = Debug|Any CPU
		{B8E5A32F-43A2-4AF9-C394-9B49B7F34C12}.Debug|x64.Build.0 = Debug|Any CPU
		{B8E5A32F-43A2-4AF9-C394-9B49B7F34C12}.Debug|x86.ActiveCfg = Debug|Any CPU
		{B8E5A32F-43A2-4AF9-C394-9B49B7F34C12}.Debug|x86.Build.0 = Debug|Any CPU
		{B8E5A32F-43A2-4AF9-C394-9B49B7F34C12}.Release|Any CPU.ActiveCfg = Release|Any CPU
		{B8E5A32F-43A2-4AF9-C394-9B49B7F34C12}.Release|Any CPU.Build.0 = Release|Any CPU
		{B8E5A32F-43A2-4AF9-C394-9B49B7F34C12}.Release|x64.ActiveCfg = Release|Any CPU
		{B8E5A32F-43A2-4AF9-C394-9B49B7F34C12}.Release|x64.Build.0 = Release|Any CPU
		{B8E5A32F-43A2-4AF9-C394-9B49B7F34C12}.Release|x86.ActiveCfg = Release|Any CPU
		{B8E5A32F-43A2-4AF9-C394-9B49B7F34C12}.Release|x86.Build.0 = Release|Any CPU
		{C9F6B430-54B3-4B0A-D4A5-AC5AC8045D23}.Debug|Any CPU.ActiveCfg = Debug|Any CPU
		{C9F6B430-54B3-4B0A-D4A5-AC5AC8045D23}.Debug|Any CPU.Build.0 = Debug|Any CPU
		{C9F6B430-54B3-4B0A-D4A5-AC5AC8045D23}.Debug|x64.ActiveCfg = Debug|Any CPU
		{C9F6B430-54B3-4B0A-D4A5-AC5AC8045D23}.Debug|x64.Build.0 = Debug|Any CPU
		{C9F6B430-54B3-4B0A-D4A5-AC5AC8045D23}.Debug|x86.ActiveCfg = Debug|Any CPU
		{C9F6B430-54B3-4B0A-D4A5-AC5AC8045D23}.Debug|x86.Build.0 = Debug|Any CPU
		{C9F6B430-54B3-4B0A-D4A5-AC5AC8045D23}.Release|Any CPU.ActiveCfg = Release|Any CPU
		{C9F6B430-54B3-4B0A-D4A5-AC5AC8045D23}.Release|Any CPU.Build.0 = Release|Any CPU
		{C9F6B430-54B3-4B0A-D4A5-AC5AC8045D23}.Release|x64.ActiveCfg = Release|Any CPU
		{C9F6B430-54B3-4B0A-D4A5-AC5AC8045D23}.Release|x64.Build.0 = Release|Any CPU
		{C9F6B430-54B3-4B0A-D4A5-AC5AC8045D23}.Release|x86.ActiveCfg = Release|Any CPU
		{C9F6B430-54B3-4B0A-D4A5-AC5AC8045D23}.Release|x86.Build.0 = Release|Any CPU
		{D10D5AB4-7901-4D3C-8EC9-2447D63E1F10}.Debug|Any CPU.ActiveCfg = Debug|Any CPU
		{D10D5AB4-7901-4D3C-8EC9-2447D63E1F10}.Debug|Any CPU.Build.0 = Debug|Any CPU
		{D10D5AB4-7901-4D3C-8EC9-2447D63E1F10}.Debug|x64.ActiveCfg = Debug|Any CPU
		{D10D5AB4-7901-4D3C-8EC9-2447D63E1F10}.Debug|x64.Build.0 = Debug|Any CPU
		{D10D5AB4-7901-4D3C-8EC9-2447D63E1F10}.Debug|x86.ActiveCfg = Debug|Any CPU
		{D10D5AB4-7901-4D3C-8EC9-2447D63E1F10}.Debug|x86.Build.0 = Debug|Any CPU
		{D10D5AB4-7901-4D3C-8EC9-2447D63E1F10}.Release|Any CPU.ActiveCfg = Release|Any CPU
		{D10D5AB4-7901-4D3C-8EC9-2447D63E1F10}.Release|Any CPU.Build.0 = Release|Any CPU
		{D10D5AB4-7901-4D3C-8EC9-2447D63E1F10}.Release|x64.ActiveCfg = Release|Any CPU
		{D10D5AB4-7901-4D3C-8EC9-2447D63E1F10}.Release|x64.Build.0 = Release|Any CPU
		{D10D5AB4-7901-4D3C-8EC9-2447D63E1F10}.Release|x86.ActiveCfg = Release|Any CPU
		{D10D5AB4-7901-4D3C-8EC9-2447D63E1F10}.Release|x86.Build.0 = Release|Any CPU
		{CFAD9873-C7A0-4915-ACB8-79C92B861BF9}.Debug|Any CPU.ActiveCfg = Debug|Any CPU
		{CFAD9873-C7A0-4915-ACB8-79C92B861BF9}.Debug|Any CPU.Build.0 = Debug|Any CPU
		{CFAD9873-C7A0-4915-ACB8-79C92B861BF9}.Debug|x64.ActiveCfg = Debug|Any CPU
		{CFAD9873-C7A0-4915-ACB8-79C92B861BF9}.Debug|x64.Build.0 = Debug|Any CPU
		{CFAD9873-C7A0-4915-ACB8-79C92B861BF9}.Debug|x86.ActiveCfg = Debug|Any CPU
		{CFAD9873-C7A0-4915-ACB8-79C92B861BF9}.Debug|x86.Build.0 = Debug|Any CPU
		{CFAD9873-C7A0-4915-ACB8-79C92B861BF9}.Release|Any CPU.ActiveCfg = Release|Any CPU
		{CFAD9873-C7A0-4915-ACB8-79C92B861BF9}.Release|Any CPU.Build.0 = Release|Any CPU
		{CFAD9873-C7A0-4915-ACB8-79C92B861BF9}.Release|x64.ActiveCfg = Release|Any CPU
		{CFAD9873-C7A0-4915-ACB8-79C92B861BF9}.Release|x64.Build.0 = Release|Any CPU
		{CFAD9873-C7A0-4915-ACB8-79C92B861BF9}.Release|x86.ActiveCfg = Release|Any CPU
		{CFAD9873-C7A0-4915-ACB8-79C92B861BF9}.Release|x86.Build.0 = Release|Any CPU
		{6C3DD567-020A-4C9A-A575-B52A9E58E011}.Debug|Any CPU.ActiveCfg = Debug|Any CPU
		{6C3DD567-020A-4C9A-A575-B52A9E58E011}.Debug|Any CPU.Build.0 = Debug|Any CPU
		{6C3DD567-020A-4C9A-A575-B52A9E58E011}.Debug|x64.ActiveCfg = Debug|Any CPU
		{6C3DD567-020A-4C9A-A575-B52A9E58E011}.Debug|x64.Build.0 = Debug|Any CPU
		{6C3DD567-020A-4C9A-A575-B52A9E58E011}.Debug|x86.ActiveCfg = Debug|Any CPU
		{6C3DD567-020A-4C9A-A575-B52A9E58E011}.Debug|x86.Build.0 = Debug|Any CPU
		{6C3DD567-020A-4C9A-A575-B52A9E58E011}.Release|Any CPU.ActiveCfg = Release|Any CPU
		{6C3DD567-020A-4C9A-A575-B52A9E58E011}.Release|Any CPU.Build.0 = Release|Any CPU
		{6C3DD567-020A-4C9A-A575-B52A9E58E011}.Release|x64.ActiveCfg = Release|Any CPU
		{6C3DD567-020A-4C9A-A575-B52A9E58E011}.Release|x64.Build.0 = Release|Any CPU
		{6C3DD567-020A-4C9A-A575-B52A9E58E011}.Release|x86.ActiveCfg = Release|Any CPU
		{6C3DD567-020A-4C9A-A575-B52A9E58E011}.Release|x86.Build.0 = Release|Any CPU
	EndGlobalSection
	GlobalSection(SolutionProperties) = preSolution
		HideSolutionNode = FALSE
	EndGlobalSection
	GlobalSection(NestedProjects) = preSolution
		{72287C0E-CA8D-47BA-BED8-3514A9C0635C} = {827E0CD3-B72D-47B6-A68D-7590B98EB39B}
		{EAE40C9D-BB20-4F25-9802-721135483862} = {827E0CD3-B72D-47B6-A68D-7590B98EB39B}
		{3809EBB2-BA28-464F-AC4A-7DA356250708} = {0AB3BF05-4346-4AA6-1389-037BE0695223}
		{65E7D895-3836-42D1-90A2-07F94E9DF6F8} = {0AB3BF05-4346-4AA6-1389-037BE0695223}
		{C185682C-DFFB-4C8C-8123-696780569F6A} = {827E0CD3-B72D-47B6-A68D-7590B98EB39B}
		{B4D88D15-A7AB-4C92-9D4B-0B8A8DD0D4A1} = {827E0CD3-B72D-47B6-A68D-7590B98EB39B}
		{EDAA7FC0-629A-4480-9AA6-3BB8BCC3DD05} = {0AB3BF05-4346-4AA6-1389-037BE0695223}
		{54E80A2C-1A03-4DBE-97C1-16602CF55AB5} = {827E0CD3-B72D-47B6-A68D-7590B98EB39B}
		{38F3C947-609D-4135-8FA4-63622B47FB22} = {827E0CD3-B72D-47B6-A68D-7590B98EB39B}
		{706B6915-5AD0-4D5C-B8A3-0F665D208268} = {827E0CD3-B72D-47B6-A68D-7590B98EB39B}
		{A1D47AEF-7A66-4CF5-974A-463C9D691840} = {827E0CD3-B72D-47B6-A68D-7590B98EB39B}
		{DF261E90-AB83-483C-B5EB-9708784EE87B} = {0AB3BF05-4346-4AA6-1389-037BE0695223}
		{2142DA9E-76E4-4D8A-A4A8-040802E38127} = {0AB3BF05-4346-4AA6-1389-037BE0695223}
		{A7D4F21E-32F1-49E8-B283-8A38A6F23B01} = {827E0CD3-B72D-47B6-A68D-7590B98EB39B}
		{B8E5A32F-43A2-4AF9-C394-9B49B7F34C12} = {827E0CD3-B72D-47B6-A68D-7590B98EB39B}
		{C9F6B430-54B3-4B0A-D4A5-AC5AC8045D23} = {0AB3BF05-4346-4AA6-1389-037BE0695223}
		{D10D5AB4-7901-4D3C-8EC9-2447D63E1F10} = {91D436C6-621F-4E8F-9ADB-9B3B020DC352}
		{CFAD9873-C7A0-4915-ACB8-79C92B861BF9} = {827E0CD3-B72D-47B6-A68D-7590B98EB39B}
		{6C3DD567-020A-4C9A-A575-B52A9E58E011} = {0AB3BF05-4346-4AA6-1389-037BE0695223}
	EndGlobalSection
EndGlobal
